{
  "name": "EstudosRNA",
  "lockfileVersion": 2,
  "requires": true,
  "packages": {
    "": {
      "dependencies": {
        "ml-dataset-iris": "^1.2.1"
      }
    },
    "node_modules/ml-dataset-iris": {
      "version": "1.2.1",
      "resolved": "https://registry.npmjs.org/ml-dataset-iris/-/ml-dataset-iris-1.2.1.tgz",
      "integrity": "sha512-7GO+Xk382d+HhVgjebaQnJ4Tcm8+uaL9Mc76UdxhBAU0aFWs6JDjINZLnrlZ0KDiIi9Erc52bD26QOvYsG7Nnw=="
    }
  },
  "dependencies": {
    "ml-dataset-iris": {
      "version": "1.2.1",
      "resolved": "https://registry.npmjs.org/ml-dataset-iris/-/ml-dataset-iris-1.2.1.tgz",
      "integrity": "sha512-7GO+Xk382d+HhVgjebaQnJ4Tcm8+uaL9Mc76UdxhBAU0aFWs6JDjINZLnrlZ0KDiIi9Erc52bD26QOvYsG7Nnw=="
    }
  }
}
